<?xml version="1.0" encoding="utf-8"?>
<Project ToolsVersion="4.0" xmlns="http://schemas.microsoft.com/developer/msbuild/2003">
  <ItemGroup>
    <Filter Include="Source Files">
      <UniqueIdentifier>{4FC737F1-C7A5-4376-A066-2A32D752A2FF}</UniqueIdentifier>
      <Extensions>cpp;c;cc;cxx;def;odl;idl;hpj;bat;asm;asmx</Extensions>
    </Filter>
    <Filter Include="Header Files">
      <UniqueIdentifier>{93995380-89BD-4b04-88EB-625FBE52EBFB}</UniqueIdentifier>
      <Extensions>h;hh;hpp;hxx;hm;inl;inc;xsd</Extensions>
    </Filter>
    <Filter Include="Resource Files">
      <UniqueIdentifier>{67DA6AB6-F800-4c08-8B7A-83BB121AAD01}</UniqueIdentifier>
      <Extensions>rc;ico;cur;bmp;dlg;rc2;rct;bin;rgs;gif;jpg;jpeg;jpe;resx;tiff;tif;png;wav;mfcribbon-ms</Extensions>
    </Filter>
  </ItemGroup>
  <ItemGroup>
    <ClCompile Include="Material.cpp">
      <Filter>Source Files</Filter>
    </ClCompile>
    <ClCompile Include="MultipleLanguages.cpp">
      <Filter>Source Files</Filter>
    </ClCompile>
    <ClCompile Include="Packaging.cpp">
      <Filter>Source Files</Filter>
    </ClCompile>
    <ClCompile Include="MultipleSubtitles.cpp">
      <Filter>Source Files</Filter>
    </ClCompile>
    <ClCompile Include="SingleLanguage.cpp">
      <Filter>Source Files</Filter>
    </ClCompile>
    <ClCompile Include="SingleSubtitle.cpp">
      <Filter>Source Files</Filter>
    </ClCompile>
    <ClCompile Include="VHS.cpp">
      <Filter>Source Files</Filter>
    </ClCompile>
    <ClCompile Include="main.cpp">
      <Filter>Source Files</Filter>
    </ClCompile>
    <ClCompile Include="OpticalDisc.cpp">
      <Filter>Source Files</Filter>
    </ClCompile>
    <ClCompile Include="Double_SidedOpticalDisc.cpp">
      <Filter>Source Files</Filter>
    </ClCompile>
    <ClCompile Include="Single_SidedOpticalDisc.cpp">
      <Filter>Source Files</Filter>
    </ClCompile>
    <ClCompile Include="ComboBox.cpp">
      <Filter>Source Files</Filter>
    </ClCompile>
    <ClCompile Include="Project.cpp">
      <Filter>Source Files</Filter>
    </ClCompile>
    <ClCompile Include="Crew.cpp">
      <Filter>Source Files</Filter>
    </ClCompile>
    <ClCompile Include="Controller.cpp">
      <Filter>Source Files</Filter>
    </ClCompile>
    <ClCompile Include="Medium.cpp">
      <Filter>Source Files</Filter>
    </ClCompile>
    <ClCompile Include="View.cpp">
      <Filter>Source Files</Filter>
    </ClCompile>
    <ClCompile Include="FileManager.cpp">
      <Filter>Source Files</Filter>
    </ClCompile>
  </ItemGroup>
  <ItemGroup>
    <ClInclude Include="Material.h">
      <Filter>Header Files</Filter>
    </ClInclude>
    <ClInclude Include="MultipleLanguages.h">
      <Filter>Header Files</Filter>
    </ClInclude>
    <ClInclude Include="MultipleSubtitles.h">
      <Filter>Header Files</Filter>
    </ClInclude>
    <ClInclude Include="Packaging.h">
      <Filter>Header Files</Filter>
    </ClInclude>
    <ClInclude Include="SingleLanguage.h">
      <Filter>Header Files</Filter>
    </ClInclude>
    <ClInclude Include="SingleSubtitle.h">
      <Filter>Header Files</Filter>
    </ClInclude>
    <ClInclude Include="Subtitle.h">
      <Filter>Header Files</Filter>
    </ClInclude>
    <ClInclude Include="Langauge.h">
      <Filter>Header Files</Filter>
    </ClInclude>
    <ClInclude Include="VHS.h">
      <Filter>Header Files</Filter>
    </ClInclude>
    <ClInclude Include="Controller.h">
      <Filter>Header Files</Filter>
    </ClInclude>
    <ClInclude Include="View.h">
      <Filter>Header Files</Filter>
    </ClInclude>
    <ClInclude Include="FileManager.h">
      <Filter>Header Files</Filter>
    </ClInclude>
    <ClInclude Include="OpticalDisc.h">
      <Filter>Header Files</Filter>
    </ClInclude>
    <ClInclude Include="Double_SidedOpticalDisc.h">
      <Filter>Header Files</Filter>
    </ClInclude>
    <ClInclude Include="Single_SidedOpticalDisc.h">
      <Filter>Header Files</Filter>
    </ClInclude>
    <ClInclude Include="ComboBox.h">
      <Filter>Header Files</Filter>
    </ClInclude>
    <ClInclude Include="Project.h">
      <Filter>Header Files</Filter>
    </ClInclude>
    <ClInclude Include="Crew.h">
      <Filter>Header Files</Filter>
    </ClInclude>
    <ClInclude Include="Medium.h">
      <Filter>Header Files</Filter>
    </ClInclude>
  </ItemGroup>
  <ItemGroup>
    <None Include="ClassDiagram12.cd" />
    <None Include="ClassDiagram.cd" />
  </ItemGroup>
</Project>